
Microsoft Visual Studio Solution File, Format Version 12.00
# Visual Studio Version 17
VisualStudioVersion = 17.10.35027.167
MinimumVisualStudioVersion = 10.0.40219.1
Project("{FAE04EC0-301F-11D3-BF4B-00C04F79EFBC}") = "LNIQ 1.1 Assignment", "LNIQ 1.1 Assignment\LNIQ 1.1 Assignment.csproj", "{1F15E33C-D38A-44DD-AD2E-B5810886EF1D}"
EndProject
Global
	GlobalSection(SolutionConfigurationPlatforms) = preSolution
		Debug|Any CPU = Debug|Any CPU
		Release|Any CPU = Release|Any CPU
	EndGlobalSection
	GlobalSection(ProjectConfigurationPlatforms) = postSolution
		{1F15E33C-D38A-44DD-AD2E-B5810886EF1D}.Debug|Any CPU.ActiveCfg = Debug|Any CPU
		{1F15E33C-D38A-44DD-AD2E-B5810886EF1D}.Debug|Any CPU.Build.0 = Debug|Any CPU
		{1F15E33C-D38A-44DD-AD2E-B5810886EF1D}.Release|Any CPU.ActiveCfg = Release|Any CPU
		{1F15E33C-D38A-44DD-AD2E-B5810886EF1D}.Release|Any CPU.Build.0 = Release|Any CPU
	EndGlobalSection
	GlobalSection(SolutionProperties) = preSolution
		HideSolutionNode = FALSE
	EndGlobalSection
	GlobalSection(ExtensibilityGlobals) = postSolution
		SolutionGuid = {DD94FA6E-9C32-468D-B01A-D5DB10B7A843}
	EndGlobalSection
EndGlobal
